
Microsoft Visual Studio Solution File, Format Version 12.00
# Visual Studio Version 17
VisualStudioVersion = 17.0.31903.59
MinimumVisualStudioVersion = 10.0.40219.1
Project("{9A19103F-16F7-4668-BE54-9A1E7A4F7556}") = "P01VolleyballWebApp", "P01VolleyballWebApp\P01VolleyballWebApp.csproj", "{0789FFE8-60F7-433B-96B9-69C0CB913492}"
EndProject
Global
	GlobalSection(SolutionConfigurationPlatforms) = preSolution
		Debug|Any CPU = Debug|Any CPU
		Release|Any CPU = Release|Any CPU
	EndGlobalSection
	GlobalSection(ProjectConfigurationPlatforms) = postSolution
		{0789FFE8-60F7-433B-96B9-69C0CB913492}.Debug|Any CPU.ActiveCfg = Debug|Any CPU
		{0789FFE8-60F7-433B-96B9-69C0CB913492}.Debug|Any CPU.Build.0 = Debug|Any CPU
		{0789FFE8-60F7-433B-96B9-69C0CB913492}.Release|Any CPU.ActiveCfg = Release|Any CPU
		{0789FFE8-60F7-433B-96B9-69C0CB913492}.Release|Any CPU.Build.0 = Release|Any CPU
	EndGlobalSection
	GlobalSection(SolutionProperties) = preSolution
		HideSolutionNode = FALSE
	EndGlobalSection
	GlobalSection(ExtensibilityGlobals) = postSolution
		SolutionGuid = {41798EC7-2658-488F-A4F5-4CD77FCF4B15}
	EndGlobalSection
EndGlobal
